
Microsoft Visual Studio Solution File, Format Version 12.00
# Visual Studio Version 17
VisualStudioVersion = 17.14.36203.30 d17.14
MinimumVisualStudioVersion = 10.0.40219.1
Project("{FAE04EC0-301F-11D3-BF4B-00C04F79EFBC}") = "grepapi", "grepapi.csproj", "{18A72563-C747-4516-911E-88B3939CB144}"
EndProject
Global
	GlobalSection(SolutionConfigurationPlatforms) = preSolution
		Debug|Any CPU = Debug|Any CPU
		Release|Any CPU = Release|Any CPU
	EndGlobalSection
	GlobalSection(ProjectConfigurationPlatforms) = postSolution
		{18A72563-C747-4516-911E-88B3939CB144}.Debug|Any CPU.ActiveCfg = Debug|Any CPU
		{18A72563-C747-4516-911E-88B3939CB144}.Debug|Any CPU.Build.0 = Debug|Any CPU
		{18A72563-C747-4516-911E-88B3939CB144}.Release|Any CPU.ActiveCfg = Release|Any CPU
		{18A72563-C747-4516-911E-88B3939CB144}.Release|Any CPU.Build.0 = Release|Any CPU
	EndGlobalSection
	GlobalSection(SolutionProperties) = preSolution
		HideSolutionNode = FALSE
	EndGlobalSection
	GlobalSection(ExtensibilityGlobals) = postSolution
		SolutionGuid = {F364720D-E33C-4CCF-B37A-7BB0784C9345}
	EndGlobalSection
EndGlobal
